
Microsoft Visual Studio Solution File, Format Version 12.00
# Visual Studio Version 17
VisualStudioVersion = 17.14.36414.22 d17.14
MinimumVisualStudioVersion = 10.0.40219.1
Project("{FAE04EC0-301F-11D3-BF4B-00C04F79EFBC}") = "prjLesson5Activity", "prjLesson5Activity\prjLesson5Activity.csproj", "{64B1934C-A027-459D-9CD7-D06F3AADCCDD}"
EndProject
Global
	GlobalSection(SolutionConfigurationPlatforms) = preSolution
		Debug|Any CPU = Debug|Any CPU
		Release|Any CPU = Release|Any CPU
	EndGlobalSection
	GlobalSection(ProjectConfigurationPlatforms) = postSolution
		{64B1934C-A027-459D-9CD7-D06F3AADCCDD}.Debug|Any CPU.ActiveCfg = Debug|Any CPU
		{64B1934C-A027-459D-9CD7-D06F3AADCCDD}.Debug|Any CPU.Build.0 = Debug|Any CPU
		{64B1934C-A027-459D-9CD7-D06F3AADCCDD}.Release|Any CPU.ActiveCfg = Release|Any CPU
		{64B1934C-A027-459D-9CD7-D06F3AADCCDD}.Release|Any CPU.Build.0 = Release|Any CPU
	EndGlobalSection
	GlobalSection(SolutionProperties) = preSolution
		HideSolutionNode = FALSE
	EndGlobalSection
	GlobalSection(ExtensibilityGlobals) = postSolution
		SolutionGuid = {A0E159B2-D6FE-4718-BEBA-864079D5CD29}
	EndGlobalSection
EndGlobal
